// !$*UTF8*$!
{
	archiveVersion = 1;
	classes = {
	};
	objectVersion = 50;
	objects = {

/* Begin PBXBuildFile section */
		76D8CFC3257AD54F00EAE989 /* AppDelegate.swift in Sources */ = {isa = PBXBuildFile; fileRef = 76D8CFC2257AD54F00EAE989 /* AppDelegate.swift */; };
		76D8CFC5257AD54F00EAE989 /* SceneDelegate.swift in Sources */ = {isa = PBXBuildFile; fileRef = 76D8CFC4257AD54F00EAE989 /* SceneDelegate.swift */; };
		76D8CFCA257AD54F00EAE989 /* Main.storyboard in Resources */ = {isa = PBXBuildFile; fileRef = 76D8CFC8257AD54F00EAE989 /* Main.storyboard */; };
		76D8CFCC257AD55300EAE989 /* Assets.xcassets in Resources */ = {isa = PBXBuildFile; fileRef = 76D8CFCB257AD55300EAE989 /* Assets.xcassets */; };
		76D8CFCF257AD55300EAE989 /* LaunchScreen.storyboard in Resources */ = {isa = PBXBuildFile; fileRef = 76D8CFCD257AD55300EAE989 /* LaunchScreen.storyboard */; };
		76D8CFDF257AE82500EAE989 /* ShopingListViewController.swift in Sources */ = {isa = PBXBuildFile; fileRef = 76D8CFDE257AE82500EAE989 /* ShopingListViewController.swift */; };
		76D8CFE4257AE85400EAE989 /* LoginViewController.swift in Sources */ = {isa = PBXBuildFile; fileRef = 76D8CFE3257AE85400EAE989 /* LoginViewController.swift */; };
		76D8CFE7257AE92700EAE989 /* SearchListViewController.swift in Sources */ = {isa = PBXBuildFile; fileRef = 76D8CFE6257AE92700EAE989 /* SearchListViewController.swift */; };
		76D8CFEB257AE9D700EAE989 /* ListViewController.swift in Sources */ = {isa = PBXBuildFile; fileRef = 76D8CFEA257AE9D700EAE989 /* ListViewController.swift */; };
/* End PBXBuildFile section */

/* Begin PBXFileReference section */
		76D8CFBF257AD54F00EAE989 /* Shoping List for my Frends.app */ = {isa = PBXFileReference; explicitFileType = wrapper.application; includeInIndex = 0; path = "Shoping List for my Frends.app"; sourceTree = BUILT_PRODUCTS_DIR; };
		76D8CFC2257AD54F00EAE989 /* AppDelegate.swift */ = {isa = PBXFileReference; lastKnownFileType = sourcecode.swift; path = AppDelegate.swift; sourceTree = "<group>"; };
		76D8CFC4257AD54F00EAE989 /* SceneDelegate.swift */ = {isa = PBXFileReference; lastKnownFileType = sourcecode.swift; path = SceneDelegate.swift; sourceTree = "<group>"; };
		76D8CFC9257AD54F00EAE989 /* Base */ = {isa = PBXFileReference; lastKnownFileType = file.storyboard; name = Base; path = Base.lproj/Main.storyboard; sourceTree = "<group>"; };
		76D8CFCB257AD55300EAE989 /* Assets.xcassets */ = {isa = PBXFileReference; lastKnownFileType = folder.assetcatalog; path = Assets.xcassets; sourceTree = "<group>"; };
		76D8CFCE257AD55300EAE989 /* Base */ = {isa = PBXFileReference; lastKnownFileType = file.storyboard; name = Base; path = Base.lproj/LaunchScreen.storyboard; sourceTree = "<group>"; };
		76D8CFD0257AD55300EAE989 /* Info.plist */ = {isa = PBXFileReference; lastKnownFileType = text.plist.xml; path = Info.plist; sourceTree = "<group>"; };
		76D8CFDE257AE82500EAE989 /* ShopingListViewController.swift */ = {isa = PBXFileReference; lastKnownFileType = sourcecode.swift; path = ShopingListViewController.swift; sourceTree = "<group>"; };
		76D8CFE3257AE85400EAE989 /* LoginViewController.swift */ = {isa = PBXFileReference; lastKnownFileType = sourcecode.swift; path = LoginViewController.swift; sourceTree = "<group>"; };
		76D8CFE6257AE92700EAE989 /* SearchListViewController.swift */ = {isa = PBXFileReference; lastKnownFileType = sourcecode.swift; path = SearchListViewController.swift; sourceTree = "<group>"; };
		76D8CFEA257AE9D700EAE989 /* ListViewController.swift */ = {isa = PBXFileReference; lastKnownFileType = sourcecode.swift; path = ListViewController.swift; sourceTree = "<group>"; };
/* End PBXFileReference section */

/* Begin PBXFrameworksBuildPhase section */
		76D8CFBC257AD54F00EAE989 /* Frameworks */ = {
			isa = PBXFrameworksBuildPhase;
			buildActionMask = 2147483647;
			files = (
			);
			runOnlyForDeploymentPostprocessing = 0;
		};
/* End PBXFrameworksBuildPhase section */

/* Begin PBXGroup section */
		76D8CFB6257AD54F00EAE989 = {
			isa = PBXGroup;
			children = (
				76D8CFC1257AD54F00EAE989 /* Shoping List for my Frends */,
				76D8CFC0257AD54F00EAE989 /* Products */,
			);
			sourceTree = "<group>";
		};
		76D8CFC0257AD54F00EAE989 /* Products */ = {
			isa = PBXGroup;
			children = (
				76D8CFBF257AD54F00EAE989 /* Shoping List for my Frends.app */,
			);
			name = Products;
			sourceTree = "<group>";
		};
		76D8CFC1257AD54F00EAE989 /* Shoping List for my Frends */ = {
			isa = PBXGroup;
			children = (
				76D8CFEE257AF7B200EAE989 /* Storyboards */,
				76D8CFDC257AE7C000EAE989 /* View Controllers */,
				76D8CFCB257AD55300EAE989 /* Assets.xcassets */,
				76D8CFC4257AD54F00EAE989 /* SceneDelegate.swift */,
				76D8CFC2257AD54F00EAE989 /* AppDelegate.swift */,
				76D8CFD0257AD55300EAE989 /* Info.plist */,
			);
			path = "Shoping List for my Frends";
			sourceTree = "<group>";
		};
		76D8CFDC257AE7C000EAE989 /* View Controllers */ = {
			isa = PBXGroup;
			children = (
				76D8CFE6257AE92700EAE989 /* SearchListViewController.swift */,
				76D8CFEA257AE9D700EAE989 /* ListViewController.swift */,
				76D8CFE3257AE85400EAE989 /* LoginViewController.swift */,
				76D8CFDE257AE82500EAE989 /* ShopingListViewController.swift */,
			);
			path = "View Controllers";
			sourceTree = "<group>";
		};
		76D8CFEE257AF7B200EAE989 /* Storyboards */ = {
			isa = PBXGroup;
			children = (
				76D8CFC8257AD54F00EAE989 /* Main.storyboard */,
				76D8CFCD257AD55300EAE989 /* LaunchScreen.storyboard */,
			);
			path = Storyboards;
			sourceTree = "<group>";
		};
/* End PBXGroup section */

/* Begin PBXNativeTarget section */
		76D8CFBE257AD54F00EAE989 /* Shoping List for my Frends */ = {
			isa = PBXNativeTarget;
			buildConfigurationList = 76D8CFD3257AD55300EAE989 /* Build configuration list for PBXNativeTarget "Shoping List for my Frends" */;
			buildPhases = (
				76D8CFBB257AD54F00EAE989 /* Sources */,
				76D8CFBC257AD54F00EAE989 /* Frameworks */,
				76D8CFBD257AD54F00EAE989 /* Resources */,
			);
			buildRules = (
			);
			dependencies = (
			);
			name = "Shoping List for my Frends";
			productName = "Shoping List for my Frends";
			productReference = 76D8CFBF257AD54F00EAE989 /* Shoping List for my Frends.app */;
			productType = "com.apple.product-type.application";
		};
/* End PBXNativeTarget section */

/* Begin PBXProject section */
		76D8CFB7257AD54F00EAE989 /* Project object */ = {
			isa = PBXProject;
			attributes = {
				LastSwiftUpdateCheck = 1220;
				LastUpgradeCheck = 1220;
				TargetAttributes = {
					76D8CFBE257AD54F00EAE989 = {
						CreatedOnToolsVersion = 12.2;
					};
				};
			};
			buildConfigurationList = 76D8CFBA257AD54F00EAE989 /* Build configuration list for PBXProject "Shoping List for my Frends" */;
			compatibilityVersion = "Xcode 9.3";
			developmentRegion = en;
			hasScannedForEncodings = 0;
			knownRegions = (
				en,
				Base,
			);
			mainGroup = 76D8CFB6257AD54F00EAE989;
			productRefGroup = 76D8CFC0257AD54F00EAE989 /* Products */;
			projectDirPath = "";
			projectRoot = "";
			targets = (
				76D8CFBE257AD54F00EAE989 /* Shoping List for my Frends */,
			);
		};
/* End PBXProject section */

/* Begin PBXResourcesBuildPhase section */
		76D8CFBD257AD54F00EAE989 /* Resources */ = {
			isa = PBXResourcesBuildPhase;
			buildActionMask = 2147483647;
			files = (
				76D8CFCF257AD55300EAE989 /* LaunchScreen.storyboard in Resources */,
				76D8CFCC257AD55300EAE989 /* Assets.xcassets in Resources */,
				76D8CFCA257AD54F00EAE989 /* Main.storyboard in Resources */,
			);
			runOnlyForDeploymentPostprocessing = 0;
		};
/* End PBXResourcesBuildPhase section */

/* Begin PBXSourcesBuildPhase section */
		76D8CFBB257AD54F00EAE989 /* Sources */ = {
			isa = PBXSourcesBuildPhase;
			buildActionMask = 2147483647;
			files = (
				76D8CFE4257AE85400EAE989 /* LoginViewController.swift in Sources */,
				76D8CFDF257AE82500EAE989 /* ShopingListViewController.swift in Sources */,
				76D8CFEB257AE9D700EAE989 /* ListViewController.swift in Sources */,
				76D8CFC3257AD54F00EAE989 /* AppDelegate.swift in Sources */,
				76D8CFE7257AE92700EAE989 /* SearchListViewController.swift in Sources */,
				76D8CFC5257AD54F00EAE989 /* SceneDelegate.swift in Sources */,
			);
			runOnlyForDeploymentPostprocessing = 0;
		};
/* End PBXSourcesBuildPhase section */

/* Begin PBXVariantGroup section */
		76D8CFC8257AD54F00EAE989 /* Main.storyboard */ = {
			isa = PBXVariantGroup;
			children = (
				76D8CFC9257AD54F00EAE989 /* Base */,
			);
			name = Main.storyboard;
			sourceTree = "<group>";
		};
		76D8CFCD257AD55300EAE989 /* LaunchScreen.storyboard */ = {
			isa = PBXVariantGroup;
			children = (
				76D8CFCE257AD55300EAE989 /* Base */,
			);
			name = LaunchScreen.storyboard;
			sourceTree = "<group>";
		};
/* End PBXVariantGroup section */

/* Begin XCBuildConfiguration section */
		76D8CFD1257AD55300EAE989 /* Debug */ = {
			isa = XCBuildConfiguration;
			buildSettings = {
				ALWAYS_SEARCH_USER_PATHS = NO;
				CLANG_ANALYZER_NONNULL = YES;
				CLANG_ANALYZER_NUMBER_OBJECT_CONVERSION = YES_AGGRESSIVE;
				CLANG_CXX_LANGUAGE_STANDARD = "gnu++14";
				CLANG_CXX_LIBRARY = "libc++";
				CLANG_ENABLE_MODULES = YES;
				CLANG_ENABLE_OBJC_ARC = YES;
				CLANG_ENABLE_OBJC_WEAK = YES;
				CLANG_WARN_BLOCK_CAPTURE_AUTORELEASING = YES;
				CLANG_WARN_BOOL_CONVERSION = YES;
				CLANG_WARN_COMMA = YES;
				CLANG_WARN_CONSTANT_CONVERSION = YES;
				CLANG_WARN_DEPRECATED_OBJC_IMPLEMENTATIONS = YES;
				CLANG_WARN_DIRECT_OBJC_ISA_USAGE = YES_ERROR;
				CLANG_WARN_DOCUMENTATION_COMMENTS = YES;
				CLANG_WARN_EMPTY_BODY = YES;
				CLANG_WARN_ENUM_CONVERSION = YES;
				CLANG_WARN_INFINITE_RECURSION = YES;
				CLANG_WARN_INT_CONVERSION = YES;
				CLANG_WARN_NON_LITERAL_NULL_CONVERSION = YES;
				CLANG_WARN_OBJC_IMPLICIT_RETAIN_SELF = YES;
				CLANG_WARN_OBJC_LITERAL_CONVERSION = YES;
				CLANG_WARN_OBJC_ROOT_CLASS = YES_ERROR;
				CLANG_WARN_QUOTED_INCLUDE_IN_FRAMEWORK_HEADER = YES;
				CLANG_WARN_RANGE_LOOP_ANALYSIS = YES;
				CLANG_WARN_STRICT_PROTOTYPES = YES;
				CLANG_WARN_SUSPICIOUS_MOVE = YES;
				CLANG_WARN_UNGUARDED_AVAILABILITY = YES_AGGRESSIVE;
				CLANG_WARN_UNREACHABLE_CODE = YES;
				CLANG_WARN__DUPLICATE_METHOD_MATCH = YES;
				COPY_PHASE_STRIP = NO;
				DEBUG_INFORMATION_FORMAT = dwarf;
				ENABLE_STRICT_OBJC_MSGSEND = YES;
				ENABLE_TESTABILITY = YES;
				GCC_C_LANGUAGE_STANDARD = gnu11;
				GCC_DYNAMIC_NO_PIC = NO;
				GCC_NO_COMMON_BLOCKS = YES;
				GCC_OPTIMIZATION_LEVEL = 0;
				GCC_PREPROCESSOR_DEFINITIONS = (
					"DEBUG=1",
					"$(inherited)",
				);
				GCC_WARN_64_TO_32_BIT_CONVERSION = YES;
				GCC_WARN_ABOUT_RETURN_TYPE = YES_ERROR;
				GCC_WARN_UNDECLARED_SELECTOR = YES;
				GCC_WARN_UNINITIALIZED_AUTOS = YES_AGGRESSIVE;
				GCC_WARN_UNUSED_FUNCTION = YES;
				GCC_WARN_UNUSED_VARIABLE = YES;
				IPHONEOS_DEPLOYMENT_TARGET = 14.2;
				MTL_ENABLE_DEBUG_INFO = INCLUDE_SOURCE;
				MTL_FAST_MATH = YES;
				ONLY_ACTIVE_ARCH = YES;
				SDKROOT = iphoneos;
				SWIFT_ACTIVE_COMPILATION_CONDITIONS = DEBUG;
				SWIFT_OPTIMIZATION_LEVEL = "-Onone";
			};
			name = Debug;
		};
		76D8CFD2257AD55300EAE989 /* Release */ = {
			isa = XCBuildConfiguration;
			buildSettings = {
				ALWAYS_SEARCH_USER_PATHS = NO;
				CLANG_ANALYZER_NONNULL = YES;
				CLANG_ANALYZER_NUMBER_OBJECT_CONVERSION = YES_AGGRESSIVE;
				CLANG_CXX_LANGUAGE_STANDARD = "gnu++14";
				CLANG_CXX_LIBRARY = "libc++";
				CLANG_ENABLE_MODULES = YES;
				CLANG_ENABLE_OBJC_ARC = YES;
				CLANG_ENABLE_OBJC_WEAK = YES;
				CLANG_WARN_BLOCK_CAPTURE_AUTORELEASING = YES;
				CLANG_WARN_BOOL_CONVERSION = YES;
				CLANG_WARN_COMMA = YES;
				CLANG_WARN_CONSTANT_CONVERSION = YES;
				CLANG_WARN_DEPRECATED_OBJC_IMPLEMENTATIONS = YES;
				CLANG_WARN_DIRECT_OBJC_ISA_USAGE = YES_ERROR;
				CLANG_WARN_DOCUMENTATION_COMMENTS = YES;
				CLANG_WARN_EMPTY_BODY = YES;
				CLANG_WARN_ENUM_CONVERSION = YES;
				CLANG_WARN_INFINITE_RECURSION = YES;
				CLANG_WARN_INT_CONVERSION = YES;
				CLANG_WARN_NON_LITERAL_NULL_CONVERSION = YES;
				CLANG_WARN_OBJC_IMPLICIT_RETAIN_SELF = YES;
				CLANG_WARN_OBJC_LITERAL_CONVERSION = YES;
				CLANG_WARN_OBJC_ROOT_CLASS = YES_ERROR;
				CLANG_WARN_QUOTED_INCLUDE_IN_FRAMEWORK_HEADER = YES;
				CLANG_WARN_RANGE_LOOP_ANALYSIS = YES;
				CLANG_WARN_STRICT_PROTOTYPES = YES;
				CLANG_WARN_SUSPICIOUS_MOVE = YES;
				CLANG_WARN_UNGUARDED_AVAILABILITY = YES_AGGRESSIVE;
				CLANG_WARN_UNREACHABLE_CODE = YES;
				CLANG_WARN__DUPLICATE_METHOD_MATCH = YES;
				COPY_PHASE_STRIP = NO;
				DEBUG_INFORMATION_FORMAT = "dwarf-with-dsym";
				ENABLE_NS_ASSERTIONS = NO;
				ENABLE_STRICT_OBJC_MSGSEND = YES;
				GCC_C_LANGUAGE_STANDARD = gnu11;
				GCC_NO_COMMON_BLOCKS = YES;
				GCC_WARN_64_TO_32_BIT_CONVERSION = YES;
				GCC_WARN_ABOUT_RETURN_TYPE = YES_ERROR;
				GCC_WARN_UNDECLARED_SELECTOR = YES;
				GCC_WARN_UNINITIALIZED_AUTOS = YES_AGGRESSIVE;
				GCC_WARN_UNUSED_FUNCTION = YES;
				GCC_WARN_UNUSED_VARIABLE = YES;
				IPHONEOS_DEPLOYMENT_TARGET = 14.2;
				MTL_ENABLE_DEBUG_INFO = NO;
				MTL_FAST_MATH = YES;
				SDKROOT = iphoneos;
				SWIFT_COMPILATION_MODE = wholemodule;
				SWIFT_OPTIMIZATION_LEVEL = "-O";
				VALIDATE_PRODUCT = YES;
			};
			name = Release;
		};
		76D8CFD4257AD55300EAE989 /* Debug */ = {
			isa = XCBuildConfiguration;
			buildSettings = {
				ASSETCATALOG_COMPILER_APPICON_NAME = AppIcon;
				ASSETCATALOG_COMPILER_GLOBAL_ACCENT_COLOR_NAME = AccentColor;
				CODE_SIGN_STYLE = Automatic;
				DEVELOPMENT_TEAM = VQ5VJ2W2YB;
				INFOPLIST_FILE = "Shoping List for my Frends/Info.plist";
				LD_RUNPATH_SEARCH_PATHS = (
					"$(inherited)",
					"@executable_path/Frameworks",
				);
				PRODUCT_BUNDLE_IDENTIFIER = "Bruyko.Shoping-List-for-my-Frends";
				PRODUCT_NAME = "$(TARGET_NAME)";
				SWIFT_VERSION = 5.0;
				TARGETED_DEVICE_FAMILY = 1;
			};
			name = Debug;
		};
		76D8CFD5257AD55300EAE989 /* Release */ = {
			isa = XCBuildConfiguration;
			buildSettings = {
				ASSETCATALOG_COMPILER_APPICON_NAME = AppIcon;
				ASSETCATALOG_COMPILER_GLOBAL_ACCENT_COLOR_NAME = AccentColor;
				CODE_SIGN_STYLE = Automatic;
				DEVELOPMENT_TEAM = VQ5VJ2W2YB;
				INFOPLIST_FILE = "Shoping List for my Frends/Info.plist";
				LD_RUNPATH_SEARCH_PATHS = (
					"$(inherited)",
					"@executable_path/Frameworks",
				);
				PRODUCT_BUNDLE_IDENTIFIER = "Bruyko.Shoping-List-for-my-Frends";
				PRODUCT_NAME = "$(TARGET_NAME)";
				SWIFT_VERSION = 5.0;
				TARGETED_DEVICE_FAMILY = 1;
			};
			name = Release;
		};
/* End XCBuildConfiguration section */

/* Begin XCConfigurationList section */
		76D8CFBA257AD54F00EAE989 /* Build configuration list for PBXProject "Shoping List for my Frends" */ = {
			isa = XCConfigurationList;
			buildConfigurations = (
				76D8CFD1257AD55300EAE989 /* Debug */,
				76D8CFD2257AD55300EAE989 /* Release */,
			);
			defaultConfigurationIsVisible = 0;
			defaultConfigurationName = Release;
		};
		76D8CFD3257AD55300EAE989 /* Build configuration list for PBXNativeTarget "Shoping List for my Frends" */ = {
			isa = XCConfigurationList;
			buildConfigurations = (
				76D8CFD4257AD55300EAE989 /* Debug */,
				76D8CFD5257AD55300EAE989 /* Release */,
			);
			defaultConfigurationIsVisible = 0;
			defaultConfigurationName = Release;
		};
/* End XCConfigurationList section */
	};
	rootObject = 76D8CFB7257AD54F00EAE989 /* Project object */;
}
